
Microsoft Visual Studio Solution File, Format Version 12.00
# Visual Studio Version 17
VisualStudioVersion = 17.9.34616.47
MinimumVisualStudioVersion = 10.0.40219.1
Project("{9A19103F-16F7-4668-BE54-9A1E7A4F7556}") = "ExitPoll", "ExitPoll\ExitPoll.csproj", "{04836D8C-F56B-4857-A89A-124241DDA564}"
EndProject
Global
	GlobalSection(SolutionConfigurationPlatforms) = preSolution
		Debug|Any CPU = Debug|Any CPU
		Release|Any CPU = Release|Any CPU
	EndGlobalSection
	GlobalSection(ProjectConfigurationPlatforms) = postSolution
		{04836D8C-F56B-4857-A89A-124241DDA564}.Debug|Any CPU.ActiveCfg = Debug|Any CPU
		{04836D8C-F56B-4857-A89A-124241DDA564}.Debug|Any CPU.Build.0 = Debug|Any CPU
		{04836D8C-F56B-4857-A89A-124241DDA564}.Release|Any CPU.ActiveCfg = Release|Any CPU
		{04836D8C-F56B-4857-A89A-124241DDA564}.Release|Any CPU.Build.0 = Release|Any CPU
	EndGlobalSection
	GlobalSection(SolutionProperties) = preSolution
		HideSolutionNode = FALSE
	EndGlobalSection
	GlobalSection(ExtensibilityGlobals) = postSolution
		SolutionGuid = {CADEB374-FCC3-4AFF-ACF8-AC1F5EB6F174}
	EndGlobalSection
EndGlobal
